
Microsoft Visual Studio Solution File, Format Version 12.00
# Visual Studio Version 17
VisualStudioVersion = 17.10.35013.160
MinimumVisualStudioVersion = 10.0.40219.1
Project("{FAE04EC0-301F-11D3-BF4B-00C04F79EFBC}") = "Address Book", "Address Book\Address Book.csproj", "{315C4D69-9089-425E-A51E-B15516681E93}"
EndProject
Global
	GlobalSection(SolutionConfigurationPlatforms) = preSolution
		Debug|Any CPU = Debug|Any CPU
		Release|Any CPU = Release|Any CPU
	EndGlobalSection
	GlobalSection(ProjectConfigurationPlatforms) = postSolution
		{315C4D69-9089-425E-A51E-B15516681E93}.Debug|Any CPU.ActiveCfg = Debug|Any CPU
		{315C4D69-9089-425E-A51E-B15516681E93}.Debug|Any CPU.Build.0 = Debug|Any CPU
		{315C4D69-9089-425E-A51E-B15516681E93}.Release|Any CPU.ActiveCfg = Release|Any CPU
		{315C4D69-9089-425E-A51E-B15516681E93}.Release|Any CPU.Build.0 = Release|Any CPU
	EndGlobalSection
	GlobalSection(SolutionProperties) = preSolution
		HideSolutionNode = FALSE
	EndGlobalSection
	GlobalSection(ExtensibilityGlobals) = postSolution
		SolutionGuid = {104DF553-9244-4028-8E9E-0204E2BA9109}
	EndGlobalSection
EndGlobal
